
Microsoft Visual Studio Solution File, Format Version 12.00
# Visual Studio Version 16
VisualStudioVersion = 16.0.29326.143
MinimumVisualStudioVersion = 10.0.40219.1
Project("{FAE04EC0-301F-11D3-BF4B-00C04F79EFBC}") = "exam1_IreneMusso", "exam1_IreneMusso\exam1_IreneMusso.csproj", "{7B6071BD-5B9C-4686-970B-251E9870AF4C}"
EndProject
Global
	GlobalSection(SolutionConfigurationPlatforms) = preSolution
		Debug|Any CPU = Debug|Any CPU
		Release|Any CPU = Release|Any CPU
	EndGlobalSection
	GlobalSection(ProjectConfigurationPlatforms) = postSolution
		{7B6071BD-5B9C-4686-970B-251E9870AF4C}.Debug|Any CPU.ActiveCfg = Debug|Any CPU
		{7B6071BD-5B9C-4686-970B-251E9870AF4C}.Debug|Any CPU.Build.0 = Debug|Any CPU
		{7B6071BD-5B9C-4686-970B-251E9870AF4C}.Release|Any CPU.ActiveCfg = Release|Any CPU
		{7B6071BD-5B9C-4686-970B-251E9870AF4C}.Release|Any CPU.Build.0 = Release|Any CPU
	EndGlobalSection
	GlobalSection(SolutionProperties) = preSolution
		HideSolutionNode = FALSE
	EndGlobalSection
	GlobalSection(ExtensibilityGlobals) = postSolution
		SolutionGuid = {8FF5B558-C147-4BD7-A73E-6E2DA16E1636}
	EndGlobalSection
EndGlobal
